
Microsoft Visual Studio Solution File, Format Version 12.00
# Visual Studio Version 16
VisualStudioVersion = 16.0.31019.35
MinimumVisualStudioVersion = 10.0.40219.1
Project("{FAE04EC0-301F-11D3-BF4B-00C04F79EFBC}") = "Datacap915.Library.NuGet", "Datacap915.Library.NuGet\Datacap915.Library.NuGet.csproj", "{07F3CBF8-67FC-4112-BE02-58436584A51C}"
EndProject
Global
	GlobalSection(SolutionConfigurationPlatforms) = preSolution
		Debug|Any CPU = Debug|Any CPU
		Release|Any CPU = Release|Any CPU
	EndGlobalSection
	GlobalSection(ProjectConfigurationPlatforms) = postSolution
		{07F3CBF8-67FC-4112-BE02-58436584A51C}.Debug|Any CPU.ActiveCfg = Debug|Any CPU
		{07F3CBF8-67FC-4112-BE02-58436584A51C}.Debug|Any CPU.Build.0 = Debug|Any CPU
		{07F3CBF8-67FC-4112-BE02-58436584A51C}.Release|Any CPU.ActiveCfg = Release|Any CPU
		{07F3CBF8-67FC-4112-BE02-58436584A51C}.Release|Any CPU.Build.0 = Release|Any CPU
	EndGlobalSection
	GlobalSection(SolutionProperties) = preSolution
		HideSolutionNode = FALSE
	EndGlobalSection
	GlobalSection(ExtensibilityGlobals) = postSolution
		SolutionGuid = {6C766828-234A-46AD-B864-70C1A1FB95E6}
	EndGlobalSection
EndGlobal
